<Solution>
  <Configurations>
    <Platform Name="Any CPU" />
    <Platform Name="x64" />
    <Platform Name="x86" />
  </Configurations>
  <Project Path="jwl.Console/jwl.Console.csproj" />
  <Project Path="jwl.Core/jwl.Core.csproj" />
  <Project Path="jwl.Infra/jwl.Infra.csproj" />
  <Project Path="jwl.Inputs/jwl.Inputs.csproj" />
  <Project Path="jwl.Jira/jwl.Jira.csproj" />
  <Project Path="jwl.Test/jwl.Test.csproj" />
  <Project Path="jwl.Wadl/jwl.Wadl.csproj" />
</Solution>
