<Solution>
  <Configurations>
    <Platform Name="Any CPU" />
    <Platform Name="x64" />
    <Platform Name="x86" />
  </Configurations>
  <Project Path="jwl.console/jwl.Console.csproj" />
  <Project Path="jwl.core/jwl.Core.csproj" />
  <Project Path="jwl.infra/jwl.Infra.csproj" />
  <Project Path="jwl.inputs/jwl.Inputs.csproj" />
  <Project Path="jwl.jira/jwl.Jira.csproj" />
  <Project Path="jwl.test/jwl.Test.csproj" />
  <Project Path="jwl.wadl/jwl.Wadl.csproj" />
</Solution>
